
Microsoft Visual Studio Solution File, Format Version 12.00
# Visual Studio Version 17
VisualStudioVersion = 17.0.31903.59
MinimumVisualStudioVersion = 10.0.40219.1
Project("{FAE04EC0-301F-11D3-BF4B-00C04F79EFBC}") = "API", "API\API.csproj", "{245ACAB0-343E-41B5-B69A-B66B560F77DE}"
EndProject
Project("{FAE04EC0-301F-11D3-BF4B-00C04F79EFBC}") = "Persistence", "Persistence\Persistence.csproj", "{280784BE-A4E2-44AA-8F7E-51343757EEB3}"
EndProject
Project("{FAE04EC0-301F-11D3-BF4B-00C04F79EFBC}") = "Domain", "Domain\Domain.csproj", "{49BDF157-9AB6-468C-B057-61ABFB3F7432}"
EndProject
Project("{FAE04EC0-301F-11D3-BF4B-00C04F79EFBC}") = "Application", "Application\Application.csproj", "{3E570E70-EE33-4295-9662-303D07D37B41}"
EndProject
Global
	GlobalSection(SolutionConfigurationPlatforms) = preSolution
		Debug|Any CPU = Debug|Any CPU
		Release|Any CPU = Release|Any CPU
	EndGlobalSection
	GlobalSection(SolutionProperties) = preSolution
		HideSolutionNode = FALSE
	EndGlobalSection
	GlobalSection(ProjectConfigurationPlatforms) = postSolution
		{245ACAB0-343E-41B5-B69A-B66B560F77DE}.Debug|Any CPU.ActiveCfg = Debug|Any CPU
		{245ACAB0-343E-41B5-B69A-B66B560F77DE}.Debug|Any CPU.Build.0 = Debug|Any CPU
		{245ACAB0-343E-41B5-B69A-B66B560F77DE}.Release|Any CPU.ActiveCfg = Release|Any CPU
		{245ACAB0-343E-41B5-B69A-B66B560F77DE}.Release|Any CPU.Build.0 = Release|Any CPU
		{280784BE-A4E2-44AA-8F7E-51343757EEB3}.Debug|Any CPU.ActiveCfg = Debug|Any CPU
		{280784BE-A4E2-44AA-8F7E-51343757EEB3}.Debug|Any CPU.Build.0 = Debug|Any CPU
		{280784BE-A4E2-44AA-8F7E-51343757EEB3}.Release|Any CPU.ActiveCfg = Release|Any CPU
		{280784BE-A4E2-44AA-8F7E-51343757EEB3}.Release|Any CPU.Build.0 = Release|Any CPU
		{49BDF157-9AB6-468C-B057-61ABFB3F7432}.Debug|Any CPU.ActiveCfg = Debug|Any CPU
		{49BDF157-9AB6-468C-B057-61ABFB3F7432}.Debug|Any CPU.Build.0 = Debug|Any CPU
		{49BDF157-9AB6-468C-B057-61ABFB3F7432}.Release|Any CPU.ActiveCfg = Release|Any CPU
		{49BDF157-9AB6-468C-B057-61ABFB3F7432}.Release|Any CPU.Build.0 = Release|Any CPU
		{3E570E70-EE33-4295-9662-303D07D37B41}.Debug|Any CPU.ActiveCfg = Debug|Any CPU
		{3E570E70-EE33-4295-9662-303D07D37B41}.Debug|Any CPU.Build.0 = Debug|Any CPU
		{3E570E70-EE33-4295-9662-303D07D37B41}.Release|Any CPU.ActiveCfg = Release|Any CPU
		{3E570E70-EE33-4295-9662-303D07D37B41}.Release|Any CPU.Build.0 = Release|Any CPU
	EndGlobalSection
EndGlobal
